
Microsoft Visual Studio Solution File, Format Version 12.00
# Visual Studio 2013
VisualStudioVersion = 12.0.21005.1
MinimumVisualStudioVersion = 10.0.40219.1
Project("{FAE04EC0-301F-11D3-BF4B-00C04F79EFBC}") = "TestingDemo", "TestingDemo\TestingDemo.csproj", "{180A1AD8-3BF4-4D79-BF3B-E7EFBD5EE620}"
EndProject
Project("{FAE04EC0-301F-11D3-BF4B-00C04F79EFBC}") = "Tests", "Tests\Tests.csproj", "{1A89934E-DC70-4B7D-8148-1C767899E526}"
EndProject
Project("{2150E333-8FDC-42A3-9474-1A3956D46DE8}") = ".nuget", ".nuget", "{8A4C7AFD-BF82-4F7B-AFB2-7C86F1EE625E}"
	ProjectSection(SolutionItems) = preProject
		.nuget\packages.config = .nuget\packages.config
	EndProjectSection
EndProject
Global
	GlobalSection(SolutionConfigurationPlatforms) = preSolution
		Debug|Any CPU = Debug|Any CPU
		Release|Any CPU = Release|Any CPU
	EndGlobalSection
	GlobalSection(ProjectConfigurationPlatforms) = postSolution
		{180A1AD8-3BF4-4D79-BF3B-E7EFBD5EE620}.Debug|Any CPU.ActiveCfg = Debug|Any CPU
		{180A1AD8-3BF4-4D79-BF3B-E7EFBD5EE620}.Debug|Any CPU.Build.0 = Debug|Any CPU
		{180A1AD8-3BF4-4D79-BF3B-E7EFBD5EE620}.Release|Any CPU.ActiveCfg = Release|Any CPU
		{180A1AD8-3BF4-4D79-BF3B-E7EFBD5EE620}.Release|Any CPU.Build.0 = Release|Any CPU
		{1A89934E-DC70-4B7D-8148-1C767899E526}.Debug|Any CPU.ActiveCfg = Debug|Any CPU
		{1A89934E-DC70-4B7D-8148-1C767899E526}.Debug|Any CPU.Build.0 = Debug|Any CPU
		{1A89934E-DC70-4B7D-8148-1C767899E526}.Release|Any CPU.ActiveCfg = Release|Any CPU
		{1A89934E-DC70-4B7D-8148-1C767899E526}.Release|Any CPU.Build.0 = Release|Any CPU
	EndGlobalSection
	GlobalSection(SolutionProperties) = preSolution
		HideSolutionNode = FALSE
	EndGlobalSection
EndGlobal
